// !$*UTF8*$!
{
	archiveVersion = 1;
	classes = {
	};
	objectVersion = 56;
	objects = {

/* Begin PBXBuildFile section */
		2E4315AD2C608CFD0006AFB0 /* ThermometerDialView.swift in Sources */ = {isa = PBXBuildFile; fileRef = 2E4315AC2C608CFD0006AFB0 /* ThermometerDialView.swift */; };
		2E4315AF2C60927F0006AFB0 /* ThermometerSummaryView.swift in Sources */ = {isa = PBXBuildFile; fileRef = 2E4315AE2C60927F0006AFB0 /* ThermometerSummaryView.swift */; };
		2EB846742C5FFA8D0056715C /* ThermoSmartApp.swift in Sources */ = {isa = PBXBuildFile; fileRef = 2EB846732C5FFA8D0056715C /* ThermoSmartApp.swift */; };
		2EB846762C5FFA8D0056715C /* ContentView.swift in Sources */ = {isa = PBXBuildFile; fileRef = 2EB846752C5FFA8D0056715C /* ContentView.swift */; };
		2EB846782C5FFA8E0056715C /* Assets.xcassets in Resources */ = {isa = PBXBuildFile; fileRef = 2EB846772C5FFA8E0056715C /* Assets.xcassets */; };
		2EB8467B2C5FFA8E0056715C /* Preview Assets.xcassets in Resources */ = {isa = PBXBuildFile; fileRef = 2EB8467A2C5FFA8E0056715C /* Preview Assets.xcassets */; };
		2EB846822C60015A0056715C /* Extension.swift in Sources */ = {isa = PBXBuildFile; fileRef = 2EB846812C60015A0056715C /* Extension.swift */; };
		2EB846842C6004450056715C /* ClimateCard.swift in Sources */ = {isa = PBXBuildFile; fileRef = 2EB846832C6004450056715C /* ClimateCard.swift */; };
		2EB846862C60097A0056715C /* ThermometerView.swift in Sources */ = {isa = PBXBuildFile; fileRef = 2EB846852C60097A0056715C /* ThermometerView.swift */; };
		2EB846882C6009F60056715C /* ThermometerPlaceHolderView.swift in Sources */ = {isa = PBXBuildFile; fileRef = 2EB846872C6009F60056715C /* ThermometerPlaceHolderView.swift */; };
		2ED1E3292C61E7BC00F4ED25 /* ThermometerScaleView.swift in Sources */ = {isa = PBXBuildFile; fileRef = 2ED1E3282C61E7BC00F4ED25 /* ThermometerScaleView.swift */; };
/* End PBXBuildFile section */

/* Begin PBXFileReference section */
		2E4315AC2C608CFD0006AFB0 /* ThermometerDialView.swift */ = {isa = PBXFileReference; lastKnownFileType = sourcecode.swift; path = ThermometerDialView.swift; sourceTree = "<group>"; };
		2E4315AE2C60927F0006AFB0 /* ThermometerSummaryView.swift */ = {isa = PBXFileReference; lastKnownFileType = sourcecode.swift; path = ThermometerSummaryView.swift; sourceTree = "<group>"; };
		2EB846702C5FFA8D0056715C /* ThermoSmart.app */ = {isa = PBXFileReference; explicitFileType = wrapper.application; includeInIndex = 0; path = ThermoSmart.app; sourceTree = BUILT_PRODUCTS_DIR; };
		2EB846732C5FFA8D0056715C /* ThermoSmartApp.swift */ = {isa = PBXFileReference; lastKnownFileType = sourcecode.swift; path = ThermoSmartApp.swift; sourceTree = "<group>"; };
		2EB846752C5FFA8D0056715C /* ContentView.swift */ = {isa = PBXFileReference; lastKnownFileType = sourcecode.swift; path = ContentView.swift; sourceTree = "<group>"; };
		2EB846772C5FFA8E0056715C /* Assets.xcassets */ = {isa = PBXFileReference; lastKnownFileType = folder.assetcatalog; path = Assets.xcassets; sourceTree = "<group>"; };
		2EB8467A2C5FFA8E0056715C /* Preview Assets.xcassets */ = {isa = PBXFileReference; lastKnownFileType = folder.assetcatalog; path = "Preview Assets.xcassets"; sourceTree = "<group>"; };
		2EB846812C60015A0056715C /* Extension.swift */ = {isa = PBXFileReference; lastKnownFileType = sourcecode.swift; path = Extension.swift; sourceTree = "<group>"; };
		2EB846832C6004450056715C /* ClimateCard.swift */ = {isa = PBXFileReference; lastKnownFileType = sourcecode.swift; path = ClimateCard.swift; sourceTree = "<group>"; };
		2EB846852C60097A0056715C /* ThermometerView.swift */ = {isa = PBXFileReference; lastKnownFileType = sourcecode.swift; path = ThermometerView.swift; sourceTree = "<group>"; };
		2EB846872C6009F60056715C /* ThermometerPlaceHolderView.swift */ = {isa = PBXFileReference; lastKnownFileType = sourcecode.swift; path = ThermometerPlaceHolderView.swift; sourceTree = "<group>"; };
		2ED1E3282C61E7BC00F4ED25 /* ThermometerScaleView.swift */ = {isa = PBXFileReference; lastKnownFileType = sourcecode.swift; path = ThermometerScaleView.swift; sourceTree = "<group>"; };
/* End PBXFileReference section */

/* Begin PBXFrameworksBuildPhase section */
		2EB8466D2C5FFA8D0056715C /* Frameworks */ = {
			isa = PBXFrameworksBuildPhase;
			buildActionMask = 2147483647;
			files = (
			);
			runOnlyForDeploymentPostprocessing = 0;
		};
/* End PBXFrameworksBuildPhase section */

/* Begin PBXGroup section */
		2EB846672C5FFA8D0056715C = {
			isa = PBXGroup;
			children = (
				2EB846722C5FFA8D0056715C /* ThermoSmart */,
				2EB846712C5FFA8D0056715C /* Products */,
			);
			sourceTree = "<group>";
		};
		2EB846712C5FFA8D0056715C /* Products */ = {
			isa = PBXGroup;
			children = (
				2EB846702C5FFA8D0056715C /* ThermoSmart.app */,
			);
			name = Products;
			sourceTree = "<group>";
		};
		2EB846722C5FFA8D0056715C /* ThermoSmart */ = {
			isa = PBXGroup;
			children = (
				2EB846732C5FFA8D0056715C /* ThermoSmartApp.swift */,
				2EB846852C60097A0056715C /* ThermometerView.swift */,
				2EB846872C6009F60056715C /* ThermometerPlaceHolderView.swift */,
				2EB846752C5FFA8D0056715C /* ContentView.swift */,
				2EB846812C60015A0056715C /* Extension.swift */,
				2EB846832C6004450056715C /* ClimateCard.swift */,
				2E4315AC2C608CFD0006AFB0 /* ThermometerDialView.swift */,
				2E4315AE2C60927F0006AFB0 /* ThermometerSummaryView.swift */,
				2ED1E3282C61E7BC00F4ED25 /* ThermometerScaleView.swift */,
				2EB846772C5FFA8E0056715C /* Assets.xcassets */,
				2EB846792C5FFA8E0056715C /* Preview Content */,
			);
			path = ThermoSmart;
			sourceTree = "<group>";
		};
		2EB846792C5FFA8E0056715C /* Preview Content */ = {
			isa = PBXGroup;
			children = (
				2EB8467A2C5FFA8E0056715C /* Preview Assets.xcassets */,
			);
			path = "Preview Content";
			sourceTree = "<group>";
		};
/* End PBXGroup section */

/* Begin PBXNativeTarget section */
		2EB8466F2C5FFA8D0056715C /* ThermoSmart */ = {
			isa = PBXNativeTarget;
			buildConfigurationList = 2EB8467E2C5FFA8E0056715C /* Build configuration list for PBXNativeTarget "ThermoSmart" */;
			buildPhases = (
				2EB8466C2C5FFA8D0056715C /* Sources */,
				2EB8466D2C5FFA8D0056715C /* Frameworks */,
				2EB8466E2C5FFA8D0056715C /* Resources */,
			);
			buildRules = (
			);
			dependencies = (
			);
			name = ThermoSmart;
			productName = ThermoSmart;
			productReference = 2EB846702C5FFA8D0056715C /* ThermoSmart.app */;
			productType = "com.apple.product-type.application";
		};
/* End PBXNativeTarget section */

/* Begin PBXProject section */
		2EB846682C5FFA8D0056715C /* Project object */ = {
			isa = PBXProject;
			attributes = {
				BuildIndependentTargetsInParallel = 1;
				LastSwiftUpdateCheck = 1530;
				LastUpgradeCheck = 1530;
				TargetAttributes = {
					2EB8466F2C5FFA8D0056715C = {
						CreatedOnToolsVersion = 15.3;
					};
				};
			};
			buildConfigurationList = 2EB8466B2C5FFA8D0056715C /* Build configuration list for PBXProject "ThermoSmart" */;
			compatibilityVersion = "Xcode 14.0";
			developmentRegion = en;
			hasScannedForEncodings = 0;
			knownRegions = (
				en,
				Base,
			);
			mainGroup = 2EB846672C5FFA8D0056715C;
			productRefGroup = 2EB846712C5FFA8D0056715C /* Products */;
			projectDirPath = "";
			projectRoot = "";
			targets = (
				2EB8466F2C5FFA8D0056715C /* ThermoSmart */,
			);
		};
/* End PBXProject section */

/* Begin PBXResourcesBuildPhase section */
		2EB8466E2C5FFA8D0056715C /* Resources */ = {
			isa = PBXResourcesBuildPhase;
			buildActionMask = 2147483647;
			files = (
				2EB8467B2C5FFA8E0056715C /* Preview Assets.xcassets in Resources */,
				2EB846782C5FFA8E0056715C /* Assets.xcassets in Resources */,
			);
			runOnlyForDeploymentPostprocessing = 0;
		};
/* End PBXResourcesBuildPhase section */

/* Begin PBXSourcesBuildPhase section */
		2EB8466C2C5FFA8D0056715C /* Sources */ = {
			isa = PBXSourcesBuildPhase;
			buildActionMask = 2147483647;
			files = (
				2EB846822C60015A0056715C /* Extension.swift in Sources */,
				2EB846862C60097A0056715C /* ThermometerView.swift in Sources */,
				2EB846882C6009F60056715C /* ThermometerPlaceHolderView.swift in Sources */,
				2ED1E3292C61E7BC00F4ED25 /* ThermometerScaleView.swift in Sources */,
				2EB846842C6004450056715C /* ClimateCard.swift in Sources */,
				2E4315AF2C60927F0006AFB0 /* ThermometerSummaryView.swift in Sources */,
				2EB846762C5FFA8D0056715C /* ContentView.swift in Sources */,
				2E4315AD2C608CFD0006AFB0 /* ThermometerDialView.swift in Sources */,
				2EB846742C5FFA8D0056715C /* ThermoSmartApp.swift in Sources */,
			);
			runOnlyForDeploymentPostprocessing = 0;
		};
/* End PBXSourcesBuildPhase section */

/* Begin XCBuildConfiguration section */
		2EB8467C2C5FFA8E0056715C /* Debug */ = {
			isa = XCBuildConfiguration;
			buildSettings = {
				ALWAYS_SEARCH_USER_PATHS = NO;
				ASSETCATALOG_COMPILER_GENERATE_SWIFT_ASSET_SYMBOL_EXTENSIONS = YES;
				CLANG_ANALYZER_NONNULL = YES;
				CLANG_ANALYZER_NUMBER_OBJECT_CONVERSION = YES_AGGRESSIVE;
				CLANG_CXX_LANGUAGE_STANDARD = "gnu++20";
				CLANG_ENABLE_MODULES = YES;
				CLANG_ENABLE_OBJC_ARC = YES;
				CLANG_ENABLE_OBJC_WEAK = YES;
				CLANG_WARN_BLOCK_CAPTURE_AUTORELEASING = YES;
				CLANG_WARN_BOOL_CONVERSION = YES;
				CLANG_WARN_COMMA = YES;
				CLANG_WARN_CONSTANT_CONVERSION = YES;
				CLANG_WARN_DEPRECATED_OBJC_IMPLEMENTATIONS = YES;
				CLANG_WARN_DIRECT_OBJC_ISA_USAGE = YES_ERROR;
				CLANG_WARN_DOCUMENTATION_COMMENTS = YES;
				CLANG_WARN_EMPTY_BODY = YES;
				CLANG_WARN_ENUM_CONVERSION = YES;
				CLANG_WARN_INFINITE_RECURSION = YES;
				CLANG_WARN_INT_CONVERSION = YES;
				CLANG_WARN_NON_LITERAL_NULL_CONVERSION = YES;
				CLANG_WARN_OBJC_IMPLICIT_RETAIN_SELF = YES;
				CLANG_WARN_OBJC_LITERAL_CONVERSION = YES;
				CLANG_WARN_OBJC_ROOT_CLASS = YES_ERROR;
				CLANG_WARN_QUOTED_INCLUDE_IN_FRAMEWORK_HEADER = YES;
				CLANG_WARN_RANGE_LOOP_ANALYSIS = YES;
				CLANG_WARN_STRICT_PROTOTYPES = YES;
				CLANG_WARN_SUSPICIOUS_MOVE = YES;
				CLANG_WARN_UNGUARDED_AVAILABILITY = YES_AGGRESSIVE;
				CLANG_WARN_UNREACHABLE_CODE = YES;
				CLANG_WARN__DUPLICATE_METHOD_MATCH = YES;
				COPY_PHASE_STRIP = NO;
				DEBUG_INFORMATION_FORMAT = dwarf;
				ENABLE_STRICT_OBJC_MSGSEND = YES;
				ENABLE_TESTABILITY = YES;
				ENABLE_USER_SCRIPT_SANDBOXING = YES;
				GCC_C_LANGUAGE_STANDARD = gnu17;
				GCC_DYNAMIC_NO_PIC = NO;
				GCC_NO_COMMON_BLOCKS = YES;
				GCC_OPTIMIZATION_LEVEL = 0;
				GCC_PREPROCESSOR_DEFINITIONS = (
					"DEBUG=1",
					"$(inherited)",
				);
				GCC_WARN_64_TO_32_BIT_CONVERSION = YES;
				GCC_WARN_ABOUT_RETURN_TYPE = YES_ERROR;
				GCC_WARN_UNDECLARED_SELECTOR = YES;
				GCC_WARN_UNINITIALIZED_AUTOS = YES_AGGRESSIVE;
				GCC_WARN_UNUSED_FUNCTION = YES;
				GCC_WARN_UNUSED_VARIABLE = YES;
				IPHONEOS_DEPLOYMENT_TARGET = 17.4;
				LOCALIZATION_PREFERS_STRING_CATALOGS = YES;
				MTL_ENABLE_DEBUG_INFO = INCLUDE_SOURCE;
				MTL_FAST_MATH = YES;
				ONLY_ACTIVE_ARCH = YES;
				SDKROOT = iphoneos;
				SWIFT_ACTIVE_COMPILATION_CONDITIONS = "DEBUG $(inherited)";
				SWIFT_OPTIMIZATION_LEVEL = "-Onone";
			};
			name = Debug;
		};
		2EB8467D2C5FFA8E0056715C /* Release */ = {
			isa = XCBuildConfiguration;
			buildSettings = {
				ALWAYS_SEARCH_USER_PATHS = NO;
				ASSETCATALOG_COMPILER_GENERATE_SWIFT_ASSET_SYMBOL_EXTENSIONS = YES;
				CLANG_ANALYZER_NONNULL = YES;
				CLANG_ANALYZER_NUMBER_OBJECT_CONVERSION = YES_AGGRESSIVE;
				CLANG_CXX_LANGUAGE_STANDARD = "gnu++20";
				CLANG_ENABLE_MODULES = YES;
				CLANG_ENABLE_OBJC_ARC = YES;
				CLANG_ENABLE_OBJC_WEAK = YES;
				CLANG_WARN_BLOCK_CAPTURE_AUTORELEASING = YES;
				CLANG_WARN_BOOL_CONVERSION = YES;
				CLANG_WARN_COMMA = YES;
				CLANG_WARN_CONSTANT_CONVERSION = YES;
				CLANG_WARN_DEPRECATED_OBJC_IMPLEMENTATIONS = YES;
				CLANG_WARN_DIRECT_OBJC_ISA_USAGE = YES_ERROR;
				CLANG_WARN_DOCUMENTATION_COMMENTS = YES;
				CLANG_WARN_EMPTY_BODY = YES;
				CLANG_WARN_ENUM_CONVERSION = YES;
				CLANG_WARN_INFINITE_RECURSION = YES;
				CLANG_WARN_INT_CONVERSION = YES;
				CLANG_WARN_NON_LITERAL_NULL_CONVERSION = YES;
				CLANG_WARN_OBJC_IMPLICIT_RETAIN_SELF = YES;
				CLANG_WARN_OBJC_LITERAL_CONVERSION = YES;
				CLANG_WARN_OBJC_ROOT_CLASS = YES_ERROR;
				CLANG_WARN_QUOTED_INCLUDE_IN_FRAMEWORK_HEADER = YES;
				CLANG_WARN_RANGE_LOOP_ANALYSIS = YES;
				CLANG_WARN_STRICT_PROTOTYPES = YES;
				CLANG_WARN_SUSPICIOUS_MOVE = YES;
				CLANG_WARN_UNGUARDED_AVAILABILITY = YES_AGGRESSIVE;
				CLANG_WARN_UNREACHABLE_CODE = YES;
				CLANG_WARN__DUPLICATE_METHOD_MATCH = YES;
				COPY_PHASE_STRIP = NO;
				DEBUG_INFORMATION_FORMAT = "dwarf-with-dsym";
				ENABLE_NS_ASSERTIONS = NO;
				ENABLE_STRICT_OBJC_MSGSEND = YES;
				ENABLE_USER_SCRIPT_SANDBOXING = YES;
				GCC_C_LANGUAGE_STANDARD = gnu17;
				GCC_NO_COMMON_BLOCKS = YES;
				GCC_WARN_64_TO_32_BIT_CONVERSION = YES;
				GCC_WARN_ABOUT_RETURN_TYPE = YES_ERROR;
				GCC_WARN_UNDECLARED_SELECTOR = YES;
				GCC_WARN_UNINITIALIZED_AUTOS = YES_AGGRESSIVE;
				GCC_WARN_UNUSED_FUNCTION = YES;
				GCC_WARN_UNUSED_VARIABLE = YES;
				IPHONEOS_DEPLOYMENT_TARGET = 17.4;
				LOCALIZATION_PREFERS_STRING_CATALOGS = YES;
				MTL_ENABLE_DEBUG_INFO = NO;
				MTL_FAST_MATH = YES;
				SDKROOT = iphoneos;
				SWIFT_COMPILATION_MODE = wholemodule;
				VALIDATE_PRODUCT = YES;
			};
			name = Release;
		};
		2EB8467F2C5FFA8E0056715C /* Debug */ = {
			isa = XCBuildConfiguration;
			buildSettings = {
				ASSETCATALOG_COMPILER_APPICON_NAME = AppIcon;
				ASSETCATALOG_COMPILER_GLOBAL_ACCENT_COLOR_NAME = AccentColor;
				CODE_SIGN_STYLE = Automatic;
				CURRENT_PROJECT_VERSION = 1;
				DEVELOPMENT_ASSET_PATHS = "\"ThermoSmart/Preview Content\"";
				ENABLE_PREVIEWS = YES;
				GENERATE_INFOPLIST_FILE = YES;
				INFOPLIST_KEY_UIApplicationSceneManifest_Generation = YES;
				INFOPLIST_KEY_UIApplicationSupportsIndirectInputEvents = YES;
				INFOPLIST_KEY_UILaunchScreen_Generation = YES;
				INFOPLIST_KEY_UISupportedInterfaceOrientations_iPad = "UIInterfaceOrientationPortrait UIInterfaceOrientationPortraitUpsideDown UIInterfaceOrientationLandscapeLeft UIInterfaceOrientationLandscapeRight";
				INFOPLIST_KEY_UISupportedInterfaceOrientations_iPhone = "UIInterfaceOrientationPortrait UIInterfaceOrientationLandscapeLeft UIInterfaceOrientationLandscapeRight";
				LD_RUNPATH_SEARCH_PATHS = (
					"$(inherited)",
					"@executable_path/Frameworks",
				);
				MARKETING_VERSION = 1.0;
				PRODUCT_BUNDLE_IDENTIFIER = com.vishal......ThermoSmart;
				PRODUCT_NAME = "$(TARGET_NAME)";
				SWIFT_EMIT_LOC_STRINGS = YES;
				SWIFT_VERSION = 5.0;
				TARGETED_DEVICE_FAMILY = "1,2";
			};
			name = Debug;
		};
		2EB846802C5FFA8E0056715C /* Release */ = {
			isa = XCBuildConfiguration;
			buildSettings = {
				ASSETCATALOG_COMPILER_APPICON_NAME = AppIcon;
				ASSETCATALOG_COMPILER_GLOBAL_ACCENT_COLOR_NAME = AccentColor;
				CODE_SIGN_STYLE = Automatic;
				CURRENT_PROJECT_VERSION = 1;
				DEVELOPMENT_ASSET_PATHS = "\"ThermoSmart/Preview Content\"";
				ENABLE_PREVIEWS = YES;
				GENERATE_INFOPLIST_FILE = YES;
				INFOPLIST_KEY_UIApplicationSceneManifest_Generation = YES;
				INFOPLIST_KEY_UIApplicationSupportsIndirectInputEvents = YES;
				INFOPLIST_KEY_UILaunchScreen_Generation = YES;
				INFOPLIST_KEY_UISupportedInterfaceOrientations_iPad = "UIInterfaceOrientationPortrait UIInterfaceOrientationPortraitUpsideDown UIInterfaceOrientationLandscapeLeft UIInterfaceOrientationLandscapeRight";
				INFOPLIST_KEY_UISupportedInterfaceOrientations_iPhone = "UIInterfaceOrientationPortrait UIInterfaceOrientationLandscapeLeft UIInterfaceOrientationLandscapeRight";
				LD_RUNPATH_SEARCH_PATHS = (
					"$(inherited)",
					"@executable_path/Frameworks",
				);
				MARKETING_VERSION = 1.0;
				PRODUCT_BUNDLE_IDENTIFIER = com.vishal......ThermoSmart;
				PRODUCT_NAME = "$(TARGET_NAME)";
				SWIFT_EMIT_LOC_STRINGS = YES;
				SWIFT_VERSION = 5.0;
				TARGETED_DEVICE_FAMILY = "1,2";
			};
			name = Release;
		};
/* End XCBuildConfiguration section */

/* Begin XCConfigurationList section */
		2EB8466B2C5FFA8D0056715C /* Build configuration list for PBXProject "ThermoSmart" */ = {
			isa = XCConfigurationList;
			buildConfigurations = (
				2EB8467C2C5FFA8E0056715C /* Debug */,
				2EB8467D2C5FFA8E0056715C /* Release */,
			);
			defaultConfigurationIsVisible = 0;
			defaultConfigurationName = Release;
		};
		2EB8467E2C5FFA8E0056715C /* Build configuration list for PBXNativeTarget "ThermoSmart" */ = {
			isa = XCConfigurationList;
			buildConfigurations = (
				2EB8467F2C5FFA8E0056715C /* Debug */,
				2EB846802C5FFA8E0056715C /* Release */,
			);
			defaultConfigurationIsVisible = 0;
			defaultConfigurationName = Release;
		};
/* End XCConfigurationList section */
	};
	rootObject = 2EB846682C5FFA8D0056715C /* Project object */;
}
